
Microsoft Visual Studio Solution File, Format Version 11.00
# Visual Studio 2010
Project("{FAE04EC0-301F-11D3-BF4B-00C04F79EFBC}") = "ZplLabels", "FluentZpl\ZplLabels.csproj", "{592D3D55-2DF0-48B3-9BDE-B2114C8D8A6D}"
EndProject
Project("{FAE04EC0-301F-11D3-BF4B-00C04F79EFBC}") = "ZebraTests", "ZebraTests\ZebraTests.csproj", "{3A3540EC-1BB9-4FF2-B3FB-D72A322DF03E}"
EndProject
Global
	GlobalSection(SolutionConfigurationPlatforms) = preSolution
		Debug|Any CPU = Debug|Any CPU
		Release|Any CPU = Release|Any CPU
	EndGlobalSection
	GlobalSection(ProjectConfigurationPlatforms) = postSolution
		{592D3D55-2DF0-48B3-9BDE-B2114C8D8A6D}.Debug|Any CPU.ActiveCfg = Debug|Any CPU
		{592D3D55-2DF0-48B3-9BDE-B2114C8D8A6D}.Debug|Any CPU.Build.0 = Debug|Any CPU
		{592D3D55-2DF0-48B3-9BDE-B2114C8D8A6D}.Release|Any CPU.ActiveCfg = Release|Any CPU
		{592D3D55-2DF0-48B3-9BDE-B2114C8D8A6D}.Release|Any CPU.Build.0 = Release|Any CPU
		{3A3540EC-1BB9-4FF2-B3FB-D72A322DF03E}.Debug|Any CPU.ActiveCfg = Debug|Any CPU
		{3A3540EC-1BB9-4FF2-B3FB-D72A322DF03E}.Debug|Any CPU.Build.0 = Debug|Any CPU
		{3A3540EC-1BB9-4FF2-B3FB-D72A322DF03E}.Release|Any CPU.ActiveCfg = Release|Any CPU
		{3A3540EC-1BB9-4FF2-B3FB-D72A322DF03E}.Release|Any CPU.Build.0 = Release|Any CPU
	EndGlobalSection
	GlobalSection(SolutionProperties) = preSolution
		HideSolutionNode = FALSE
	EndGlobalSection
EndGlobal
